<?xml version="1.0" encoding="utf-8"?>
<Project ToolsVersion="4.0" xmlns="http://schemas.microsoft.com/developer/msbuild/2003">
  <ItemGroup>
    <Filter Include="Source Files">
      <UniqueIdentifier>{4FC737F1-C7A5-4376-A066-2A32D752A2FF}</UniqueIdentifier>
      <Extensions>cpp;c;cc;cxx;c++;cppm;ixx;def;odl;idl;hpj;bat;asm;asmx</Extensions>
    </Filter>
    <Filter Include="Header Files">
      <UniqueIdentifier>{93995380-89BD-4b04-88EB-625FBE52EBFB}</UniqueIdentifier>
      <Extensions>h;hh;hpp;hxx;h++;hm;inl;inc;ipp;xsd</Extensions>
    </Filter>
    <Filter Include="Resource Files">
      <UniqueIdentifier>{67DA6AB6-F800-4c08-8B7A-83BB121AAD01}</UniqueIdentifier>
      <Extensions>rc;ico;cur;bmp;dlg;rc2;rct;bin;rgs;gif;jpg;jpeg;jpe;resx;tiff;tif;png;wav;mfcribbon-ms</Extensions>
    </Filter>
  </ItemGroup>
  <ItemGroup>
    <None Include="_Readme_Legacy.md">
      <Filter>Resource Files</Filter>
    </None>
    <None Include="Readme.md">
      <Filter>Resource Files</Filter>
    </None>
    <None Include="Readme_01_Algorithms.md">
      <Filter>Resource Files</Filter>
    </None>
    <None Include="Readme_02_Ranges_Views.md">
      <Filter>Resource Files</Filter>
    </None>
    <None Include="Readme_06_RealWorldExamples.md">
      <Filter>Resource Files</Filter>
    </None>
    <None Include="cpp20_views.svg">
      <Filter>Resource Files</Filter>
    </None>
    <None Include="Readme_03_Standard_Views.md">
      <Filter>Resource Files</Filter>
    </None>
    <None Include="Readme_04_ViewImplementation.md">
      <Filter>Resource Files</Filter>
    </None>
    <None Include="Readme_05_MiscExamples.md">
      <Filter>Resource Files</Filter>
    </None>
    <None Include="Readme_00_Motivation.md">
      <Filter>Resource Files</Filter>
    </None>
  </ItemGroup>
  <ItemGroup>
    <ClCompile Include="Program.cpp">
      <Filter>Source Files</Filter>
    </ClCompile>
    <ClCompile Include="Ranges_01_Algorithms.cpp">
      <Filter>Source Files</Filter>
    </ClCompile>
    <ClCompile Include="Ranges_02_Ranges_View.cpp">
      <Filter>Source Files</Filter>
    </ClCompile>
    <ClCompile Include="Ranges_06_RealworldExamples.cpp">
      <Filter>Source Files</Filter>
    </ClCompile>
    <ClCompile Include="Ranges_04_ViewImplementation.cpp">
      <Filter>Source Files</Filter>
    </ClCompile>
    <ClCompile Include="Ranges_05_MiscExamples.cpp">
      <Filter>Source Files</Filter>
    </ClCompile>
    <ClCompile Include="Ranges_00_Motivation.cpp">
      <Filter>Source Files</Filter>
    </ClCompile>
  </ItemGroup>
  <ItemGroup>
    <Image Include="Toth_Ranges.png">
      <Filter>Resource Files</Filter>
    </Image>
  </ItemGroup>
</Project>